<?xml version="1.0"?>
<plist version="1.0">
	<dict>
		<key>archiveVersion</key>
		<string>1</string>
		<key>classes</key>
		<dict />
		<key>objectVersion</key>
		<string>46</string>
		<key>objects</key>
		<dict>
			<key>BFA8F9111D76F17DE822FD36</key>
			<dict>
				<key>explicitFileType</key>
				<string>sourcecode.c.h</string>
				<key>fileEncoding</key>
				<string>30</string>
				<key>isa</key>
				<string>PBXFileReference</string>
				<key>name</key>
				<string>utils.h</string>
				<key>path</key>
				<string>../../../../../of_v0.9.8_osx_release/addons/ofxDarknet/libs/darknet/include/utils.h</string>
				<key>sourceTree</key>
				<string>SOURCE_ROOT</string>
			</dict>
			<key>5A1D8A43B017064E10926C67</key>
			<dict>
				<key>explicitFileType</key>
				<string>sourcecode.c.h</string>
				<key>fileEncoding</key>
				<string>30</string>
				<key>isa</key>
				<string>PBXFileReference</string>
				<key>name</key>
				<string>unistd.h</string>
				<key>path</key>
				<string>../../../../../of_v0.9.8_osx_release/addons/ofxDarknet/libs/darknet/include/unistd.h</string>
				<key>sourceTree</key>
				<string>SOURCE_ROOT</string>
			</dict>
			<key>1DA37B6534F68822B4E03DF7</key>
			<dict>
				<key>explicitFileType</key>
				<string>sourcecode.c.h</string>
				<key>fileEncoding</key>
				<string>30</string>
				<key>isa</key>
				<string>PBXFileReference</string>
				<key>name</key>
				<string>tree.h</string>
				<key>path</key>
				<string>../../../../../of_v0.9.8_osx_release/addons/ofxDarknet/libs/darknet/include/tree.h</string>
				<key>sourceTree</key>
				<string>SOURCE_ROOT</string>
			</dict>
			<key>7B35AB2F97F5068C36DB0312</key>
			<dict>
				<key>explicitFileType</key>
				<string>sourcecode.c.h</string>
				<key>fileEncoding</key>
				<string>30</string>
				<key>isa</key>
				<string>PBXFileReference</string>
				<key>name</key>
				<string>stb_image.h</string>
				<key>path</key>
				<string>../../../../../of_v0.9.8_osx_release/addons/ofxDarknet/libs/darknet/include/stb_image.h</string>
				<key>sourceTree</key>
				<string>SOURCE_ROOT</string>
			</dict>
			<key>EB51A4E22C29A0F05E1BB186</key>
			<dict>
				<key>explicitFileType</key>
				<string>sourcecode.c.h</string>
				<key>fileEncoding</key>
				<string>30</string>
				<key>isa</key>
				<string>PBXFileReference</string>
				<key>name</key>
				<string>stb_image_write.h</string>
				<key>path</key>
				<string>../../../../../of_v0.9.8_osx_release/addons/ofxDarknet/libs/darknet/include/stb_image_write.h</string>
				<key>sourceTree</key>
				<string>SOURCE_ROOT</string>
			</dict>
			<key>4D178C431928F6AD5DD3003A</key>
			<dict>
				<key>explicitFileType</key>
				<string>sourcecode.c.h</string>
				<key>fileEncoding</key>
				<string>30</string>
				<key>isa</key>
				<string>PBXFileReference</string>
				<key>name</key>
				<string>softmax_layer.h</string>
				<key>path</key>
				<string>../../../../../of_v0.9.8_osx_release/addons/ofxDarknet/libs/darknet/include/softmax_layer.h</string>
				<key>sourceTree</key>
				<string>SOURCE_ROOT</string>
			</dict>
			<key>A5F0B83F4A2175CF4264CBDA</key>
			<dict>
				<key>explicitFileType</key>
				<string>sourcecode.c.h</string>
				<key>fileEncoding</key>
				<string>30</string>
				<key>isa</key>
				<string>PBXFileReference</string>
				<key>name</key>
				<string>shortcut_layer.h</string>
				<key>path</key>
				<string>../../../../../of_v0.9.8_osx_release/addons/ofxDarknet/libs/darknet/include/shortcut_layer.h</string>
				<key>sourceTree</key>
				<string>SOURCE_ROOT</string>
			</dict>
			<key>32DBF74B88739F65672F574A</key>
			<dict>
				<key>explicitFileType</key>
				<string>sourcecode.c.h</string>
				<key>fileEncoding</key>
				<string>30</string>
				<key>isa</key>
				<string>PBXFileReference</string>
				<key>name</key>
				<string>route_layer.h</string>
				<key>path</key>
				<string>../../../../../of_v0.9.8_osx_release/addons/ofxDarknet/libs/darknet/include/route_layer.h</string>
				<key>sourceTree</key>
				<string>SOURCE_ROOT</string>
			</dict>
			<key>3F9CBDE71B27846E7D0EE165</key>
			<dict>
				<key>explicitFileType</key>
				<string>sourcecode.c.h</string>
				<key>fileEncoding</key>
				<string>30</string>
				<key>isa</key>
				<string>PBXFileReference</string>
				<key>name</key>
				<string>rnn.h</string>
				<key>path</key>
				<string>../../../../../of_v0.9.8_osx_release/addons/ofxDarknet/libs/darknet/include/rnn.h</string>
				<key>sourceTree</key>
				<string>SOURCE_ROOT</string>
			</dict>
			<key>C4F1A2892CD83C876F4427C4</key>
			<dict>
				<key>explicitFileType</key>
				<string>sourcecode.c.h</string>
				<key>fileEncoding</key>
				<string>30</string>
				<key>isa</key>
				<string>PBXFileReference</string>
				<key>name</key>
				<string>rnn_vid.h</string>
				<key>path</key>
				<string>../../../../../of_v0.9.8_osx_release/addons/ofxDarknet/libs/darknet/include/rnn_vid.h</string>
				<key>sourceTree</key>
				<string>SOURCE_ROOT</string>
			</dict>
			<key>DCCC7284707F55AED3B18811</key>
			<dict>
				<key>explicitFileType</key>
				<string>sourcecode.c.h</string>
				<key>fileEncoding</key>
				<string>30</string>
				<key>isa</key>
				<string>PBXFileReference</string>
				<key>name</key>
				<string>rnn_layer.h</string>
				<key>path</key>
				<string>../../../../../of_v0.9.8_osx_release/addons/ofxDarknet/libs/darknet/include/rnn_layer.h</string>
				<key>sourceTree</key>
				<string>SOURCE_ROOT</string>
			</dict>
			<key>F4DD18C5C7CC0EB5274161CE</key>
			<dict>
				<key>explicitFileType</key>
				<string>sourcecode.c.h</string>
				<key>fileEncoding</key>
				<string>30</string>
				<key>isa</key>
				<string>PBXFileReference</string>
				<key>name</key>
				<string>reorg_layer.h</string>
				<key>path</key>
				<string>../../../../../of_v0.9.8_osx_release/addons/ofxDarknet/libs/darknet/include/reorg_layer.h</string>
				<key>sourceTree</key>
				<string>SOURCE_ROOT</string>
			</dict>
			<key>BE1F4B39C41C1A1E17AB7D6C</key>
			<dict>
				<key>explicitFileType</key>
				<string>sourcecode.c.h</string>
				<key>fileEncoding</key>
				<string>30</string>
				<key>isa</key>
				<string>PBXFileReference</string>
				<key>name</key>
				<string>region_layer.h</string>
				<key>path</key>
				<string>../../../../../of_v0.9.8_osx_release/addons/ofxDarknet/libs/darknet/include/region_layer.h</string>
				<key>sourceTree</key>
				<string>SOURCE_ROOT</string>
			</dict>
			<key>8C761769DDC22388E616880E</key>
			<dict>
				<key>explicitFileType</key>
				<string>sourcecode.c.h</string>
				<key>fileEncoding</key>
				<string>30</string>
				<key>isa</key>
				<string>PBXFileReference</string>
				<key>name</key>
				<string>parser.h</string>
				<key>path</key>
				<string>../../../../../of_v0.9.8_osx_release/addons/ofxDarknet/libs/darknet/include/parser.h</string>
				<key>sourceTree</key>
				<string>SOURCE_ROOT</string>
			</dict>
			<key>433BB59E32DFE1F715AA6CE6</key>
			<dict>
				<key>explicitFileType</key>
				<string>sourcecode.c.h</string>
				<key>fileEncoding</key>
				<string>30</string>
				<key>isa</key>
				<string>PBXFileReference</string>
				<key>name</key>
				<string>option_list.h</string>
				<key>path</key>
				<string>../../../../../of_v0.9.8_osx_release/addons/ofxDarknet/libs/darknet/include/option_list.h</string>
				<key>sourceTree</key>
				<string>SOURCE_ROOT</string>
			</dict>
			<key>7B04B2DF4B85237F909ACA79</key>
			<dict>
				<key>explicitFileType</key>
				<string>sourcecode.c.h</string>
				<key>fileEncoding</key>
				<string>30</string>
				<key>isa</key>
				<string>PBXFileReference</string>
				<key>name</key>
				<string>normalization_layer.h</string>
				<key>path</key>
				<string>../../../../../of_v0.9.8_osx_release/addons/ofxDarknet/libs/darknet/include/normalization_layer.h</string>
				<key>sourceTree</key>
				<string>SOURCE_ROOT</string>
			</dict>
			<key>48952DBBD1D19C80F50A0624</key>
			<dict>
				<key>explicitFileType</key>
				<string>sourcecode.c.h</string>
				<key>fileEncoding</key>
				<string>30</string>
				<key>isa</key>
				<string>PBXFileReference</string>
				<key>name</key>
				<string>nightmare.h</string>
				<key>path</key>
				<string>../../../../../of_v0.9.8_osx_release/addons/ofxDarknet/libs/darknet/include/nightmare.h</string>
				<key>sourceTree</key>
				<string>SOURCE_ROOT</string>
			</dict>
			<key>FF5F3E4D0D027D3848A8D0FF</key>
			<dict>
				<key>explicitFileType</key>
				<string>sourcecode.c.h</string>
				<key>fileEncoding</key>
				<string>30</string>
				<key>isa</key>
				<string>PBXFileReference</string>
				<key>name</key>
				<string>network.h</string>
				<key>path</key>
				<string>../../../../../of_v0.9.8_osx_release/addons/ofxDarknet/libs/darknet/include/network.h</string>
				<key>sourceTree</key>
				<string>SOURCE_ROOT</string>
			</dict>
			<key>7963A658E6E70300C7345488</key>
			<dict>
				<key>explicitFileType</key>
				<string>sourcecode.c.h</string>
				<key>fileEncoding</key>
				<string>30</string>
				<key>isa</key>
				<string>PBXFileReference</string>
				<key>name</key>
				<string>maxpool_layer.h</string>
				<key>path</key>
				<string>../../../../../of_v0.9.8_osx_release/addons/ofxDarknet/libs/darknet/include/maxpool_layer.h</string>
				<key>sourceTree</key>
				<string>SOURCE_ROOT</string>
			</dict>
			<key>0AB186A81663003E594AE8B7</key>
			<dict>
				<key>explicitFileType</key>
				<string>sourcecode.c.h</string>
				<key>fileEncoding</key>
				<string>30</string>
				<key>isa</key>
				<string>PBXFileReference</string>
				<key>name</key>
				<string>matrix.h</string>
				<key>path</key>
				<string>../../../../../of_v0.9.8_osx_release/addons/ofxDarknet/libs/darknet/include/matrix.h</string>
				<key>sourceTree</key>
				<string>SOURCE_ROOT</string>
			</dict>
			<key>9AFAF82656BC9D9B6F5F0C4C</key>
			<dict>
				<key>explicitFileType</key>
				<string>sourcecode.c.h</string>
				<key>fileEncoding</key>
				<string>30</string>
				<key>isa</key>
				<string>PBXFileReference</string>
				<key>name</key>
				<string>local_layer.h</string>
				<key>path</key>
				<string>../../../../../of_v0.9.8_osx_release/addons/ofxDarknet/libs/darknet/include/local_layer.h</string>
				<key>sourceTree</key>
				<string>SOURCE_ROOT</string>
			</dict>
			<key>1ABD8098595A5540ABF324D7</key>
			<dict>
				<key>explicitFileType</key>
				<string>sourcecode.c.h</string>
				<key>fileEncoding</key>
				<string>30</string>
				<key>isa</key>
				<string>PBXFileReference</string>
				<key>name</key>
				<string>list.h</string>
				<key>path</key>
				<string>../../../../../of_v0.9.8_osx_release/addons/ofxDarknet/libs/darknet/include/list.h</string>
				<key>sourceTree</key>
				<string>SOURCE_ROOT</string>
			</dict>
			<key>C181F72580409510ED82EB50</key>
			<dict>
				<key>explicitFileType</key>
				<string>sourcecode.c.h</string>
				<key>fileEncoding</key>
				<string>30</string>
				<key>isa</key>
				<string>PBXFileReference</string>
				<key>name</key>
				<string>layer.h</string>
				<key>path</key>
				<string>../../../../../of_v0.9.8_osx_release/addons/ofxDarknet/libs/darknet/include/layer.h</string>
				<key>sourceTree</key>
				<string>SOURCE_ROOT</string>
			</dict>
			<key>96568EDFB2AFD45489806D65</key>
			<dict>
				<key>explicitFileType</key>
				<string>sourcecode.c.h</string>
				<key>fileEncoding</key>
				<string>30</string>
				<key>isa</key>
				<string>PBXFileReference</string>
				<key>name</key>
				<string>image.h</string>
				<key>path</key>
				<string>../../../../../of_v0.9.8_osx_release/addons/ofxDarknet/libs/darknet/include/image.h</string>
				<key>sourceTree</key>
				<string>SOURCE_ROOT</string>
			</dict>
			<key>6C16C097F03BB0171B6AF4A1</key>
			<dict>
				<key>explicitFileType</key>
				<string>sourcecode.c.h</string>
				<key>fileEncoding</key>
				<string>30</string>
				<key>isa</key>
				<string>PBXFileReference</string>
				<key>name</key>
				<string>im2col.h</string>
				<key>path</key>
				<string>../../../../../of_v0.9.8_osx_release/addons/ofxDarknet/libs/darknet/include/im2col.h</string>
				<key>sourceTree</key>
				<string>SOURCE_ROOT</string>
			</dict>
			<key>A85283C2A85C2DB4B13FC413</key>
			<dict>
				<key>explicitFileType</key>
				<string>sourcecode.c.h</string>
				<key>fileEncoding</key>
				<string>30</string>
				<key>isa</key>
				<string>PBXFileReference</string>
				<key>name</key>
				<string>gru_layer.h</string>
				<key>path</key>
				<string>../../../../../of_v0.9.8_osx_release/addons/ofxDarknet/libs/darknet/include/gru_layer.h</string>
				<key>sourceTree</key>
				<string>SOURCE_ROOT</string>
			</dict>
			<key>D8934C66F28752F743759A9C</key>
			<dict>
				<key>explicitFileType</key>
				<string>sourcecode.c.h</string>
				<key>fileEncoding</key>
				<string>30</string>
				<key>isa</key>
				<string>PBXFileReference</string>
				<key>name</key>
				<string>gettimeofday.h</string>
				<key>path</key>
				<string>../../../../../of_v0.9.8_osx_release/addons/ofxDarknet/libs/darknet/include/gettimeofday.h</string>
				<key>sourceTree</key>
				<string>SOURCE_ROOT</string>
			</dict>
			<key>D27FAF3962F3CE8B1626FE12</key>
			<dict>
				<key>explicitFileType</key>
				<string>sourcecode.c.h</string>
				<key>fileEncoding</key>
				<string>30</string>
				<key>isa</key>
				<string>PBXFileReference</string>
				<key>name</key>
				<string>getopt.h</string>
				<key>path</key>
				<string>../../../../../of_v0.9.8_osx_release/addons/ofxDarknet/libs/darknet/include/getopt.h</string>
				<key>sourceTree</key>
				<string>SOURCE_ROOT</string>
			</dict>
			<key>17BB2F473689EBD814FC354B</key>
			<dict>
				<key>explicitFileType</key>
				<string>sourcecode.c.h</string>
				<key>fileEncoding</key>
				<string>30</string>
				<key>isa</key>
				<string>PBXFileReference</string>
				<key>name</key>
				<string>gemm.h</string>
				<key>path</key>
				<string>../../../../../of_v0.9.8_osx_release/addons/ofxDarknet/libs/darknet/include/gemm.h</string>
				<key>sourceTree</key>
				<string>SOURCE_ROOT</string>
			</dict>
			<key>850B07FA3CB570C204D2B771</key>
			<dict>
				<key>explicitFileType</key>
				<string>sourcecode.c.h</string>
				<key>fileEncoding</key>
				<string>30</string>
				<key>isa</key>
				<string>PBXFileReference</string>
				<key>name</key>
				<string>dropout_layer.h</string>
				<key>path</key>
				<string>../../../../../of_v0.9.8_osx_release/addons/ofxDarknet/libs/darknet/include/dropout_layer.h</string>
				<key>sourceTree</key>
				<string>SOURCE_ROOT</string>
			</dict>
			<key>59EBB469CF520E063B5088FE</key>
			<dict>
				<key>explicitFileType</key>
				<string>sourcecode.c.h</string>
				<key>fileEncoding</key>
				<string>30</string>
				<key>isa</key>
				<string>PBXFileReference</string>
				<key>name</key>
				<string>detection_layer.h</string>
				<key>path</key>
				<string>../../../../../of_v0.9.8_osx_release/addons/ofxDarknet/libs/darknet/include/detection_layer.h</string>
				<key>sourceTree</key>
				<string>SOURCE_ROOT</string>
			</dict>
			<key>B0376999811BCCB833190F95</key>
			<dict>
				<key>explicitFileType</key>
				<string>sourcecode.c.h</string>
				<key>fileEncoding</key>
				<string>30</string>
				<key>isa</key>
				<string>PBXFileReference</string>
				<key>name</key>
				<string>demo.h</string>
				<key>path</key>
				<string>../../../../../of_v0.9.8_osx_release/addons/ofxDarknet/libs/darknet/include/demo.h</string>
				<key>sourceTree</key>
				<string>SOURCE_ROOT</string>
			</dict>
			<key>D45818AE3AEB70DEDFB63BD4</key>
			<dict>
				<key>explicitFileType</key>
				<string>sourcecode.c.h</string>
				<key>fileEncoding</key>
				<string>30</string>
				<key>isa</key>
				<string>PBXFileReference</string>
				<key>name</key>
				<string>deconvolutional_layer.h</string>
				<key>path</key>
				<string>../../../../../of_v0.9.8_osx_release/addons/ofxDarknet/libs/darknet/include/deconvolutional_layer.h</string>
				<key>sourceTree</key>
				<string>SOURCE_ROOT</string>
			</dict>
			<key>B082C5960691DE0F3DFD0EA5</key>
			<dict>
				<key>explicitFileType</key>
				<string>sourcecode.c.h</string>
				<key>fileEncoding</key>
				<string>30</string>
				<key>isa</key>
				<string>PBXFileReference</string>
				<key>name</key>
				<string>data.h</string>
				<key>path</key>
				<string>../../../../../of_v0.9.8_osx_release/addons/ofxDarknet/libs/darknet/include/data.h</string>
				<key>sourceTree</key>
				<string>SOURCE_ROOT</string>
			</dict>
			<key>26BC1866B8EF13E16ADFE427</key>
			<dict>
				<key>explicitFileType</key>
				<string>sourcecode.c.h</string>
				<key>fileEncoding</key>
				<string>30</string>
				<key>isa</key>
				<string>PBXFileReference</string>
				<key>name</key>
				<string>cuda.h</string>
				<key>path</key>
				<string>../../../../../of_v0.9.8_osx_release/addons/ofxDarknet/libs/darknet/include/cuda.h</string>
				<key>sourceTree</key>
				<string>SOURCE_ROOT</string>
			</dict>
			<key>C26F49B7AFE52A29B87D047B</key>
			<dict>
				<key>explicitFileType</key>
				<string>sourcecode.c.h</string>
				<key>fileEncoding</key>
				<string>30</string>
				<key>isa</key>
				<string>PBXFileReference</string>
				<key>name</key>
				<string>crop_layer.h</string>
				<key>path</key>
				<string>../../../../../of_v0.9.8_osx_release/addons/ofxDarknet/libs/darknet/include/crop_layer.h</string>
				<key>sourceTree</key>
				<string>SOURCE_ROOT</string>
			</dict>
			<key>13652D2376423DCE8A63BAAE</key>
			<dict>
				<key>explicitFileType</key>
				<string>sourcecode.c.h</string>
				<key>fileEncoding</key>
				<string>30</string>
				<key>isa</key>
				<string>PBXFileReference</string>
				<key>name</key>
				<string>crnn_layer.h</string>
				<key>path</key>
				<string>../../../../../of_v0.9.8_osx_release/addons/ofxDarknet/libs/darknet/include/crnn_layer.h</string>
				<key>sourceTree</key>
				<string>SOURCE_ROOT</string>
			</dict>
			<key>53B1FC1DE526E72F65EE7144</key>
			<dict>
				<key>explicitFileType</key>
				<string>sourcecode.c.h</string>
				<key>fileEncoding</key>
				<string>30</string>
				<key>isa</key>
				<string>PBXFileReference</string>
				<key>name</key>
				<string>cost_layer.h</string>
				<key>path</key>
				<string>../../../../../of_v0.9.8_osx_release/addons/ofxDarknet/libs/darknet/include/cost_layer.h</string>
				<key>sourceTree</key>
				<string>SOURCE_ROOT</string>
			</dict>
			<key>F44BD4F73532358C9C0E19EB</key>
			<dict>
				<key>explicitFileType</key>
				<string>sourcecode.c.h</string>
				<key>fileEncoding</key>
				<string>30</string>
				<key>isa</key>
				<string>PBXFileReference</string>
				<key>name</key>
				<string>convolutional_layer.h</string>
				<key>path</key>
				<string>../../../../../of_v0.9.8_osx_release/addons/ofxDarknet/libs/darknet/include/convolutional_layer.h</string>
				<key>sourceTree</key>
				<string>SOURCE_ROOT</string>
			</dict>
			<key>A672091B1D50C8D390AD0217</key>
			<dict>
				<key>explicitFileType</key>
				<string>sourcecode.c.h</string>
				<key>fileEncoding</key>
				<string>30</string>
				<key>isa</key>
				<string>PBXFileReference</string>
				<key>name</key>
				<string>connected_layer.h</string>
				<key>path</key>
				<string>../../../../../of_v0.9.8_osx_release/addons/ofxDarknet/libs/darknet/include/connected_layer.h</string>
				<key>sourceTree</key>
				<string>SOURCE_ROOT</string>
			</dict>
			<key>479AF2DC0E40E5EA431E1F6C</key>
			<dict>
				<key>explicitFileType</key>
				<string>sourcecode.c.h</string>
				<key>fileEncoding</key>
				<string>30</string>
				<key>isa</key>
				<string>PBXFileReference</string>
				<key>name</key>
				<string>col2im.h</string>
				<key>path</key>
				<string>../../../../../of_v0.9.8_osx_release/addons/ofxDarknet/libs/darknet/include/col2im.h</string>
				<key>sourceTree</key>
				<string>SOURCE_ROOT</string>
			</dict>
			<key>14EB59907DACBC706D66E4B7</key>
			<dict>
				<key>explicitFileType</key>
				<string>sourcecode.c.h</string>
				<key>fileEncoding</key>
				<string>30</string>
				<key>isa</key>
				<string>PBXFileReference</string>
				<key>name</key>
				<string>classifier.h</string>
				<key>path</key>
				<string>../../../../../of_v0.9.8_osx_release/addons/ofxDarknet/libs/darknet/include/classifier.h</string>
				<key>sourceTree</key>
				<string>SOURCE_ROOT</string>
			</dict>
			<key>3D4FBB3F277566278E670C06</key>
			<dict>
				<key>explicitFileType</key>
				<string>sourcecode.c.h</string>
				<key>fileEncoding</key>
				<string>30</string>
				<key>isa</key>
				<string>PBXFileReference</string>
				<key>name</key>
				<string>box.h</string>
				<key>path</key>
				<string>../../../../../of_v0.9.8_osx_release/addons/ofxDarknet/libs/darknet/include/box.h</string>
				<key>sourceTree</key>
				<string>SOURCE_ROOT</string>
			</dict>
			<key>48ED84AE05234757CFDFE503</key>
			<dict>
				<key>explicitFileType</key>
				<string>sourcecode.c.h</string>
				<key>fileEncoding</key>
				<string>30</string>
				<key>isa</key>
				<string>PBXFileReference</string>
				<key>name</key>
				<string>blas.h</string>
				<key>path</key>
				<string>../../../../../of_v0.9.8_osx_release/addons/ofxDarknet/libs/darknet/include/blas.h</string>
				<key>sourceTree</key>
				<string>SOURCE_ROOT</string>
			</dict>
			<key>7F630660CAF870B5079245CC</key>
			<dict>
				<key>explicitFileType</key>
				<string>sourcecode.c.h</string>
				<key>fileEncoding</key>
				<string>30</string>
				<key>isa</key>
				<string>PBXFileReference</string>
				<key>name</key>
				<string>batchnorm_layer.h</string>
				<key>path</key>
				<string>../../../../../of_v0.9.8_osx_release/addons/ofxDarknet/libs/darknet/include/batchnorm_layer.h</string>
				<key>sourceTree</key>
				<string>SOURCE_ROOT</string>
			</dict>
			<key>91999A81FE00FF36B526464E</key>
			<dict>
				<key>explicitFileType</key>
				<string>sourcecode.c.h</string>
				<key>fileEncoding</key>
				<string>30</string>
				<key>isa</key>
				<string>PBXFileReference</string>
				<key>name</key>
				<string>avgpool_layer.h</string>
				<key>path</key>
				<string>../../../../../of_v0.9.8_osx_release/addons/ofxDarknet/libs/darknet/include/avgpool_layer.h</string>
				<key>sourceTree</key>
				<string>SOURCE_ROOT</string>
			</dict>
			<key>6F6E0FC59501DD3B4FE274DC</key>
			<dict>
				<key>explicitFileType</key>
				<string>sourcecode.c.h</string>
				<key>fileEncoding</key>
				<string>30</string>
				<key>isa</key>
				<string>PBXFileReference</string>
				<key>name</key>
				<string>activations.h</string>
				<key>path</key>
				<string>../../../../../of_v0.9.8_osx_release/addons/ofxDarknet/libs/darknet/include/activations.h</string>
				<key>sourceTree</key>
				<string>SOURCE_ROOT</string>
			</dict>
			<key>5F30FEC280EA73ED6C479978</key>
			<dict>
				<key>children</key>
				<array>
					<string>B80F2FF8EE2B235B24624941</string>
					<string>6F6E0FC59501DD3B4FE274DC</string>
					<string>91999A81FE00FF36B526464E</string>
					<string>7F630660CAF870B5079245CC</string>
					<string>48ED84AE05234757CFDFE503</string>
					<string>3D4FBB3F277566278E670C06</string>
					<string>14EB59907DACBC706D66E4B7</string>
					<string>479AF2DC0E40E5EA431E1F6C</string>
					<string>A672091B1D50C8D390AD0217</string>
					<string>F44BD4F73532358C9C0E19EB</string>
					<string>53B1FC1DE526E72F65EE7144</string>
					<string>13652D2376423DCE8A63BAAE</string>
					<string>C26F49B7AFE52A29B87D047B</string>
					<string>26BC1866B8EF13E16ADFE427</string>
					<string>B082C5960691DE0F3DFD0EA5</string>
					<string>D45818AE3AEB70DEDFB63BD4</string>
					<string>B0376999811BCCB833190F95</string>
					<string>59EBB469CF520E063B5088FE</string>
					<string>850B07FA3CB570C204D2B771</string>
					<string>17BB2F473689EBD814FC354B</string>
					<string>D27FAF3962F3CE8B1626FE12</string>
					<string>D8934C66F28752F743759A9C</string>
					<string>A85283C2A85C2DB4B13FC413</string>
					<string>6C16C097F03BB0171B6AF4A1</string>
					<string>96568EDFB2AFD45489806D65</string>
					<string>C181F72580409510ED82EB50</string>
					<string>1ABD8098595A5540ABF324D7</string>
					<string>9AFAF82656BC9D9B6F5F0C4C</string>
					<string>0AB186A81663003E594AE8B7</string>
					<string>7963A658E6E70300C7345488</string>
					<string>FF5F3E4D0D027D3848A8D0FF</string>
					<string>48952DBBD1D19C80F50A0624</string>
					<string>7B04B2DF4B85237F909ACA79</string>
					<string>433BB59E32DFE1F715AA6CE6</string>
					<string>8C761769DDC22388E616880E</string>
					<string>BE1F4B39C41C1A1E17AB7D6C</string>
					<string>F4DD18C5C7CC0EB5274161CE</string>
					<string>DCCC7284707F55AED3B18811</string>
					<string>C4F1A2892CD83C876F4427C4</string>
					<string>3F9CBDE71B27846E7D0EE165</string>
					<string>32DBF74B88739F65672F574A</string>
					<string>A5F0B83F4A2175CF4264CBDA</string>
					<string>4D178C431928F6AD5DD3003A</string>
					<string>EB51A4E22C29A0F05E1BB186</string>
					<string>7B35AB2F97F5068C36DB0312</string>
					<string>1DA37B6534F68822B4E03DF7</string>
					<string>5A1D8A43B017064E10926C67</string>
					<string>BFA8F9111D76F17DE822FD36</string>
				</array>
				<key>isa</key>
				<string>PBXGroup</string>
				<key>name</key>
				<string>include</string>
				<key>sourceTree</key>
				<string>&lt;group&gt;</string>
			</dict>
			<key>2C2CFE84696634CE4BC32297</key>
			<dict>
				<key>children</key>
				<array>
					<string>5F30FEC280EA73ED6C479978</string>
				</array>
				<key>isa</key>
				<string>PBXGroup</string>
				<key>name</key>
				<string>darknet</string>
				<key>sourceTree</key>
				<string>&lt;group&gt;</string>
			</dict>
			<key>6AD8F0ADBBD9FAED465818E5</key>
			<dict>
				<key>children</key>
				<array>
					<string>2C2CFE84696634CE4BC32297</string>
				</array>
				<key>isa</key>
				<string>PBXGroup</string>
				<key>name</key>
				<string>libs</string>
				<key>sourceTree</key>
				<string>&lt;group&gt;</string>
			</dict>
			<key>B80F2FF8EE2B235B24624941</key>
			<dict>
				<key>explicitFileType</key>
				<string>sourcecode.c.h</string>
				<key>fileEncoding</key>
				<string>30</string>
				<key>isa</key>
				<string>PBXFileReference</string>
				<key>name</key>
				<string>activation_layer.h</string>
				<key>path</key>
				<string>../../../../../of_v0.9.8_osx_release/addons/ofxDarknet/libs/darknet/include/activation_layer.h</string>
				<key>sourceTree</key>
				<string>SOURCE_ROOT</string>
			</dict>
			<key>1A57A409D171793C15741020</key>
			<dict>
				<key>explicitFileType</key>
				<string>sourcecode.c.h</string>
				<key>fileEncoding</key>
				<string>30</string>
				<key>isa</key>
				<string>PBXFileReference</string>
				<key>name</key>
				<string>ofxDarknet.h</string>
				<key>path</key>
				<string>../../../../../of_v0.9.8_osx_release/addons/ofxDarknet/src/ofxDarknet.h</string>
				<key>sourceTree</key>
				<string>SOURCE_ROOT</string>
			</dict>
			<key>B62ECAF3C2863EA7C2022336</key>
			<dict>
				<key>children</key>
				<array>
					<string>A1955BA77B246E94263DC7AC</string>
					<string>1A57A409D171793C15741020</string>
				</array>
				<key>isa</key>
				<string>PBXGroup</string>
				<key>name</key>
				<string>src</string>
				<key>sourceTree</key>
				<string>&lt;group&gt;</string>
			</dict>
			<key>2EC5949817A45DE3BD367C94</key>
			<dict>
				<key>children</key>
				<array>
					<string>B62ECAF3C2863EA7C2022336</string>
					<string>6AD8F0ADBBD9FAED465818E5</string>
				</array>
				<key>isa</key>
				<string>PBXGroup</string>
				<key>name</key>
				<string>ofxDarknet</string>
				<key>sourceTree</key>
				<string>&lt;group&gt;</string>
			</dict>
			<key>B1808FE7984CC16BA376DA9E</key>
			<dict>
				<key>fileRef</key>
				<string>A1955BA77B246E94263DC7AC</string>
				<key>isa</key>
				<string>PBXBuildFile</string>
			</dict>
			<key>A1955BA77B246E94263DC7AC</key>
			<dict>
				<key>explicitFileType</key>
				<string>sourcecode.cpp.cpp</string>
				<key>fileEncoding</key>
				<string>30</string>
				<key>isa</key>
				<string>PBXFileReference</string>
				<key>name</key>
				<string>ofxDarknet.cpp</string>
				<key>path</key>
				<string>../../../../../of_v0.9.8_osx_release/addons/ofxDarknet/src/ofxDarknet.cpp</string>
				<key>sourceTree</key>
				<string>SOURCE_ROOT</string>
			</dict>
			<key>24173652A5262DAA3657C923</key>
			<dict>
				<key>explicitFileType</key>
				<string>sourcecode.c.h</string>
				<key>fileEncoding</key>
				<string>30</string>
				<key>isa</key>
				<string>PBXFileReference</string>
				<key>name</key>
				<string>settings.h</string>
				<key>path</key>
				<string>src/settings.h</string>
				<key>sourceTree</key>
				<string>SOURCE_ROOT</string>
			</dict>
			<key>899BA723D396DA55EC3D379F</key>
			<dict>
				<key>explicitFileType</key>
				<string>sourcecode.c.h</string>
				<key>fileEncoding</key>
				<string>30</string>
				<key>isa</key>
				<string>PBXFileReference</string>
				<key>name</key>
				<string>ofxNBxyzWireframe.h</string>
				<key>path</key>
				<string>src/ofxNBxyz/ofxNBxyzWireframe.h</string>
				<key>sourceTree</key>
				<string>SOURCE_ROOT</string>
			</dict>
			<key>8EF6C0663C46E245F50E8BB0</key>
			<dict>
				<key>fileRef</key>
				<string>6FA54242167AC8651A1BDF08</string>
				<key>isa</key>
				<string>PBXBuildFile</string>
			</dict>
			<key>6FA54242167AC8651A1BDF08</key>
			<dict>
				<key>explicitFileType</key>
				<string>sourcecode.cpp.cpp</string>
				<key>fileEncoding</key>
				<string>30</string>
				<key>isa</key>
				<string>PBXFileReference</string>
				<key>name</key>
				<string>ofxNBxyzWireframe.cpp</string>
				<key>path</key>
				<string>src/ofxNBxyz/ofxNBxyzWireframe.cpp</string>
				<key>sourceTree</key>
				<string>SOURCE_ROOT</string>
			</dict>
			<key>0971DBB64444C71CA08C0F93</key>
			<dict>
				<key>explicitFileType</key>
				<string>sourcecode.c.h</string>
				<key>fileEncoding</key>
				<string>30</string>
				<key>isa</key>
				<string>PBXFileReference</string>
				<key>name</key>
				<string>ofxNBxyzWirebox.h</string>
				<key>path</key>
				<string>src/ofxNBxyz/ofxNBxyzWirebox.h</string>
				<key>sourceTree</key>
				<string>SOURCE_ROOT</string>
			</dict>
			<key>7275F59E75069B3E3B65A4B9</key>
			<dict>
				<key>children</key>
				<array>
					<string>C78B02B4A090E70F8D643848</string>
					<string>0971DBB64444C71CA08C0F93</string>
					<string>6FA54242167AC8651A1BDF08</string>
					<string>899BA723D396DA55EC3D379F</string>
				</array>
				<key>isa</key>
				<string>PBXGroup</string>
				<key>name</key>
				<string>ofxNBxyz</string>
				<key>sourceTree</key>
				<string>&lt;group&gt;</string>
			</dict>
			<key>6076BBA9506F4717C9436384</key>
			<dict>
				<key>fileRef</key>
				<string>C78B02B4A090E70F8D643848</string>
				<key>isa</key>
				<string>PBXBuildFile</string>
			</dict>
			<key>C78B02B4A090E70F8D643848</key>
			<dict>
				<key>explicitFileType</key>
				<string>sourcecode.cpp.cpp</string>
				<key>fileEncoding</key>
				<string>30</string>
				<key>isa</key>
				<string>PBXFileReference</string>
				<key>name</key>
				<string>ofxNBxyzWirebox.cpp</string>
				<key>path</key>
				<string>src/ofxNBxyz/ofxNBxyzWirebox.cpp</string>
				<key>sourceTree</key>
				<string>SOURCE_ROOT</string>
			</dict>
			<key>DDF4146745DE005ADA654E01</key>
			<dict>
				<key>explicitFileType</key>
				<string>sourcecode.c.h</string>
				<key>fileEncoding</key>
				<string>30</string>
				<key>isa</key>
				<string>PBXFileReference</string>
				<key>name</key>
				<string>DroneRoom.h</string>
				<key>path</key>
				<string>src/DroneRoom.h</string>
				<key>sourceTree</key>
				<string>SOURCE_ROOT</string>
			</dict>
			<key>B7B6CA05EF4338FAA5DDCE58</key>
			<dict>
				<key>fileRef</key>
				<string>DA7CDF64E65F4E89A0DEB4EF</string>
				<key>isa</key>
				<string>PBXBuildFile</string>
			</dict>
			<key>DA7CDF64E65F4E89A0DEB4EF</key>
			<dict>
				<key>explicitFileType</key>
				<string>sourcecode.cpp.cpp</string>
				<key>fileEncoding</key>
				<string>30</string>
				<key>isa</key>
				<string>PBXFileReference</string>
				<key>name</key>
				<string>DroneRoom.cpp</string>
				<key>path</key>
				<string>src/DroneRoom.cpp</string>
				<key>sourceTree</key>
				<string>SOURCE_ROOT</string>
			</dict>
			<key>82ABDAE49232EF4840FBDD2E</key>
			<dict>
				<key>explicitFileType</key>
				<string>sourcecode.c.h</string>
				<key>fileEncoding</key>
				<string>30</string>
				<key>isa</key>
				<string>PBXFileReference</string>
				<key>name</key>
				<string>DroneControl.h</string>
				<key>path</key>
				<string>src/DroneControl.h</string>
				<key>sourceTree</key>
				<string>SOURCE_ROOT</string>
			</dict>
			<key>DA7A2B652EE65E55F6D9277B</key>
			<dict>
				<key>fileRef</key>
				<string>B620B539E454D712BD906839</string>
				<key>isa</key>
				<string>PBXBuildFile</string>
			</dict>
			<key>B620B539E454D712BD906839</key>
			<dict>
				<key>explicitFileType</key>
				<string>sourcecode.cpp.cpp</string>
				<key>fileEncoding</key>
				<string>30</string>
				<key>isa</key>
				<string>PBXFileReference</string>
				<key>name</key>
				<string>DroneControl.cpp</string>
				<key>path</key>
				<string>src/DroneControl.cpp</string>
				<key>sourceTree</key>
				<string>SOURCE_ROOT</string>
			</dict>
			<key>99F06C6985D23E6744E4950B</key>
			<dict>
				<key>explicitFileType</key>
				<string>sourcecode.c.h</string>
				<key>fileEncoding</key>
				<string>30</string>
				<key>isa</key>
				<string>PBXFileReference</string>
				<key>name</key>
				<string>DroneAI.h</string>
				<key>path</key>
				<string>src/DroneAI.h</string>
				<key>sourceTree</key>
				<string>SOURCE_ROOT</string>
			</dict>
			<key>4CEC2F96F180258050DC1A77</key>
			<dict>
				<key>fileRef</key>
				<string>64718C994B7D197D6AF46032</string>
				<key>isa</key>
				<string>PBXBuildFile</string>
			</dict>
			<key>64718C994B7D197D6AF46032</key>
			<dict>
				<key>explicitFileType</key>
				<string>sourcecode.cpp.cpp</string>
				<key>fileEncoding</key>
				<string>30</string>
				<key>isa</key>
				<string>PBXFileReference</string>
				<key>name</key>
				<string>DroneAI.cpp</string>
				<key>path</key>
				<string>src/DroneAI.cpp</string>
				<key>sourceTree</key>
				<string>SOURCE_ROOT</string>
			</dict>
			<key>09B238B64F36BF47D31D2472</key>
			<dict>
				<key>explicitFileType</key>
				<string>sourcecode.c.h</string>
				<key>fileEncoding</key>
				<string>30</string>
				<key>isa</key>
				<string>PBXFileReference</string>
				<key>name</key>
				<string>Drone.h</string>
				<key>path</key>
				<string>src/Drone.h</string>
				<key>sourceTree</key>
				<string>SOURCE_ROOT</string>
			</dict>
			<key>1F324F70C419FA4CF75BCFAE</key>
			<dict>
				<key>fileRef</key>
				<string>524C223507459939300F7028</string>
				<key>isa</key>
				<string>PBXBuildFile</string>
			</dict>
			<key>524C223507459939300F7028</key>
			<dict>
				<key>explicitFileType</key>
				<string>sourcecode.cpp.cpp</string>
				<key>fileEncoding</key>
				<string>30</string>
				<key>isa</key>
				<string>PBXFileReference</string>
				<key>name</key>
				<string>Drone.cpp</string>
				<key>path</key>
				<string>src/Drone.cpp</string>
				<key>sourceTree</key>
				<string>SOURCE_ROOT</string>
			</dict>
			<key>6948EE371B920CB800B5AC1A</key>
			<dict>
				<key>children</key>
				<array />
				<key>isa</key>
				<string>PBXGroup</string>
				<key>name</key>
				<string>local_addons</string>
				<key>sourceTree</key>
				<string>&lt;group&gt;</string>
			</dict>
			<key>BB4B014C10F69532006C3DED</key>
			<dict>
				<key>children</key>
				<array>
					<string>2EC5949817A45DE3BD367C94</string>
				</array>
				<key>isa</key>
				<string>PBXGroup</string>
				<key>name</key>
				<string>addons</string>
				<key>sourceTree</key>
				<string>&lt;group&gt;</string>
			</dict>
			<key>E4328143138ABC890047C5CB</key>
			<dict>
				<key>isa</key>
				<string>PBXFileReference</string>
				<key>lastKnownFileType</key>
				<string>wrapper.pb-project</string>
				<key>name</key>
				<string>openFrameworksLib.xcodeproj</string>
				<key>path</key>
				<string>../../../../../of_v0.9.8_osx_release/libs/openFrameworksCompiled/project/osx/openFrameworksLib.xcodeproj</string>
				<key>sourceTree</key>
				<string>SOURCE_ROOT</string>
			</dict>
			<key>E4328144138ABC890047C5CB</key>
			<dict>
				<key>children</key>
				<array>
					<string>E4328148138ABC890047C5CB</string>
				</array>
				<key>isa</key>
				<string>PBXGroup</string>
				<key>name</key>
				<string>Products</string>
				<key>sourceTree</key>
				<string>&lt;group&gt;</string>
			</dict>
			<key>E4328147138ABC890047C5CB</key>
			<dict>
				<key>containerPortal</key>
				<string>E4328143138ABC890047C5CB</string>
				<key>isa</key>
				<string>PBXContainerItemProxy</string>
				<key>proxyType</key>
				<string>2</string>
				<key>remoteGlobalIDString</key>
				<string>E4B27C1510CBEB8E00536013</string>
				<key>remoteInfo</key>
				<string>openFrameworks</string>
			</dict>
			<key>E4328148138ABC890047C5CB</key>
			<dict>
				<key>fileType</key>
				<string>archive.ar</string>
				<key>isa</key>
				<string>PBXReferenceProxy</string>
				<key>path</key>
				<string>openFrameworksDebug.a</string>
				<key>remoteRef</key>
				<string>E4328147138ABC890047C5CB</string>
				<key>sourceTree</key>
				<string>BUILT_PRODUCTS_DIR</string>
			</dict>
			<key>E4328149138ABC9F0047C5CB</key>
			<dict>
				<key>fileRef</key>
				<string>E4328148138ABC890047C5CB</string>
				<key>isa</key>
				<string>PBXBuildFile</string>
			</dict>
			<key>E4B69B4A0A3A1720003C02F2</key>
			<dict>
				<key>children</key>
				<array>
					<string>E4B6FCAD0C3E899E008CF71C</string>
					<string>E4EB6923138AFD0F00A09F29</string>
					<string>E4B69E1C0A3A1BDC003C02F2</string>
					<string>E4EEC9E9138DF44700A80321</string>
					<string>BB4B014C10F69532006C3DED</string>
					<string>6948EE371B920CB800B5AC1A</string>
					<string>E4B69B5B0A3A1756003C02F2</string>
				</array>
				<key>isa</key>
				<string>PBXGroup</string>
				<key>sourceTree</key>
				<string>&lt;group&gt;</string>
			</dict>
			<key>E4B69B4C0A3A1720003C02F2</key>
			<dict>
				<key>attributes</key>
				<dict>
					<key>LastUpgradeCheck</key>
					<string>0600</string>
				</dict>
				<key>buildConfigurationList</key>
				<string>E4B69B4D0A3A1720003C02F2</string>
				<key>compatibilityVersion</key>
				<string>Xcode 3.2</string>
				<key>developmentRegion</key>
				<string>English</string>
				<key>hasScannedForEncodings</key>
				<string>0</string>
				<key>isa</key>
				<string>PBXProject</string>
				<key>knownRegions</key>
				<array>
					<string>English</string>
					<string>Japanese</string>
					<string>French</string>
					<string>German</string>
				</array>
				<key>mainGroup</key>
				<string>E4B69B4A0A3A1720003C02F2</string>
				<key>productRefGroup</key>
				<string>E4B69B4A0A3A1720003C02F2</string>
				<key>projectDirPath</key>
				<string />
				<key>projectReferences</key>
				<array>
					<dict>
						<key>ProductGroup</key>
						<string>E4328144138ABC890047C5CB</string>
						<key>ProjectRef</key>
						<string>E4328143138ABC890047C5CB</string>
					</dict>
				</array>
				<key>projectRoot</key>
				<string />
				<key>targets</key>
				<array>
					<string>E4B69B5A0A3A1756003C02F2</string>
				</array>
			</dict>
			<key>E4B69B4D0A3A1720003C02F2</key>
			<dict>
				<key>buildConfigurations</key>
				<array>
					<string>E4B69B4E0A3A1720003C02F2</string>
					<string>E4B69B4F0A3A1720003C02F2</string>
				</array>
				<key>defaultConfigurationIsVisible</key>
				<string>0</string>
				<key>defaultConfigurationName</key>
				<string>Release</string>
				<key>isa</key>
				<string>XCConfigurationList</string>
			</dict>
			<key>E4B69B4E0A3A1720003C02F2</key>
			<dict>
				<key>baseConfigurationReference</key>
				<string>E4EB6923138AFD0F00A09F29</string>
				<key>buildSettings</key>
				<dict>
					<key>OTHER_LDFLAGS</key>
					<array>
						<string>$(OF_CORE_FRAMEWORKS) $(OF_CORE_LIBS)</string>
						<string>../../../../../of_v0.9.8_osx_release/addons/ofxDarknet/libs/3rdparty/lib/osx/x64/libpthreadGC2.a</string>
						<string>../../../../../of_v0.9.8_osx_release/addons/ofxDarknet/libs/3rdparty/lib/osx/x86/libpthreadGC2.a</string>
						<string>../../../../../of_v0.9.8_osx_release/addons/ofxDarknet/libs/3rdparty/lib/osx/x86/libpthreadGCE2.a</string>
						<string>../../../../../of_v0.9.8_osx_release/addons/ofxDarknet/libs/darknet/lib/osx/libdarknetOSX.dylib</string>
						<string>-rpath</string>
						<string>../../../../addons/ofxDarknet/libs/darknet/lib/osx</string>
					</array>
					<key>HEADER_SEARCH_PATHS</key>
					<array>
						<string>$(OF_CORE_HEADERS)</string>
						<string>src</string>
						<string>src/ofxNBxyz</string>
						<string>../../../../../of_v0.9.8_osx_release/addons/ofxDarknet/libs</string>
						<string>../../../../../of_v0.9.8_osx_release/addons/ofxDarknet/src</string>
						<string>/usr/local/cuda/include</string>
					</array>
					<key>CONFIGURATION_BUILD_DIR</key>
					<string>$(SRCROOT)/bin/</string>
					<key>COPY_PHASE_STRIP</key>
					<string>NO</string>
					<key>DEAD_CODE_STRIPPING</key>
					<string>YES</string>
					<key>GCC_AUTO_VECTORIZATION</key>
					<string>YES</string>
					<key>GCC_ENABLE_SSE3_EXTENSIONS</key>
					<string>YES</string>
					<key>GCC_ENABLE_SUPPLEMENTAL_SSE3_INSTRUCTIONS</key>
					<string>YES</string>
					<key>GCC_INLINES_ARE_PRIVATE_EXTERN</key>
					<string>NO</string>
					<key>GCC_OPTIMIZATION_LEVEL</key>
					<string>0</string>
					<key>GCC_SYMBOLS_PRIVATE_EXTERN</key>
					<string>NO</string>
					<key>GCC_WARN_ABOUT_DEPRECATED_FUNCTIONS</key>
					<string>YES</string>
					<key>GCC_WARN_ABOUT_INVALID_OFFSETOF_MACRO</key>
					<string>NO</string>
					<key>GCC_WARN_ALLOW_INCOMPLETE_PROTOCOL</key>
					<string>NO</string>
					<key>GCC_WARN_UNINITIALIZED_AUTOS</key>
					<string>NO</string>
					<key>GCC_WARN_UNUSED_VALUE</key>
					<string>NO</string>
					<key>GCC_WARN_UNUSED_VARIABLE</key>
					<string>NO</string>
					<key>MACOSX_DEPLOYMENT_TARGET</key>
					<string>10.8</string>
					<key>ONLY_ACTIVE_ARCH</key>
					<string>YES</string>
					<key>OTHER_CPLUSPLUSFLAGS</key>
					<array>
						<string>-D__MACOSX_CORE__</string>
						<string>-mtune=native</string>
					</array>
					<key>SDKROOT</key>
					<string>macosx</string>
				</dict>
				<key>isa</key>
				<string>XCBuildConfiguration</string>
				<key>name</key>
				<string>Debug</string>
			</dict>
			<key>E4B69B4F0A3A1720003C02F2</key>
			<dict>
				<key>baseConfigurationReference</key>
				<string>E4EB6923138AFD0F00A09F29</string>
				<key>buildSettings</key>
				<dict>
					<key>OTHER_LDFLAGS</key>
					<array>
						<string>$(OF_CORE_FRAMEWORKS) $(OF_CORE_LIBS)</string>
						<string>../../../../../of_v0.9.8_osx_release/addons/ofxDarknet/libs/3rdparty/lib/osx/x64/libpthreadGC2.a</string>
						<string>../../../../../of_v0.9.8_osx_release/addons/ofxDarknet/libs/3rdparty/lib/osx/x86/libpthreadGC2.a</string>
						<string>../../../../../of_v0.9.8_osx_release/addons/ofxDarknet/libs/3rdparty/lib/osx/x86/libpthreadGCE2.a</string>
						<string>../../../../../of_v0.9.8_osx_release/addons/ofxDarknet/libs/darknet/lib/osx/libdarknetOSX.dylib</string>
						<string>-rpath</string>
						<string>../../../../addons/ofxDarknet/libs/darknet/lib/osx</string>
					</array>
					<key>HEADER_SEARCH_PATHS</key>
					<array>
						<string>$(OF_CORE_HEADERS)</string>
						<string>src</string>
						<string>src/ofxNBxyz</string>
						<string>../../../../../of_v0.9.8_osx_release/addons/ofxDarknet/libs</string>
						<string>../../../../../of_v0.9.8_osx_release/addons/ofxDarknet/src</string>
						<string>/usr/local/cuda/include</string>
					</array>
					<key>CONFIGURATION_BUILD_DIR</key>
					<string>$(SRCROOT)/bin/</string>
					<key>COPY_PHASE_STRIP</key>
					<string>YES</string>
					<key>DEAD_CODE_STRIPPING</key>
					<string>YES</string>
					<key>GCC_AUTO_VECTORIZATION</key>
					<string>YES</string>
					<key>GCC_ENABLE_SSE3_EXTENSIONS</key>
					<string>YES</string>
					<key>GCC_ENABLE_SUPPLEMENTAL_SSE3_INSTRUCTIONS</key>
					<string>YES</string>
					<key>GCC_INLINES_ARE_PRIVATE_EXTERN</key>
					<string>NO</string>
					<key>GCC_OPTIMIZATION_LEVEL</key>
					<string>3</string>
					<key>GCC_SYMBOLS_PRIVATE_EXTERN</key>
					<string>NO</string>
					<key>GCC_UNROLL_LOOPS</key>
					<string>YES</string>
					<key>GCC_WARN_ABOUT_DEPRECATED_FUNCTIONS</key>
					<string>YES</string>
					<key>GCC_WARN_ABOUT_INVALID_OFFSETOF_MACRO</key>
					<string>NO</string>
					<key>GCC_WARN_ALLOW_INCOMPLETE_PROTOCOL</key>
					<string>NO</string>
					<key>GCC_WARN_UNINITIALIZED_AUTOS</key>
					<string>NO</string>
					<key>GCC_WARN_UNUSED_VALUE</key>
					<string>NO</string>
					<key>GCC_WARN_UNUSED_VARIABLE</key>
					<string>NO</string>
					<key>MACOSX_DEPLOYMENT_TARGET</key>
					<string>10.8</string>
					<key>OTHER_CPLUSPLUSFLAGS</key>
					<array>
						<string>-D__MACOSX_CORE__</string>
						<string>-mtune=native</string>
					</array>
					<key>SDKROOT</key>
					<string>macosx</string>
				</dict>
				<key>isa</key>
				<string>XCBuildConfiguration</string>
				<key>name</key>
				<string>Release</string>
			</dict>
			<key>E4B69B580A3A1756003C02F2</key>
			<dict>
				<key>buildActionMask</key>
				<string>2147483647</string>
				<key>files</key>
				<array>
					<string>E4B69E200A3A1BDC003C02F2</string>
					<string>E4B69E210A3A1BDC003C02F2</string>
					<string>1F324F70C419FA4CF75BCFAE</string>
					<string>4CEC2F96F180258050DC1A77</string>
					<string>DA7A2B652EE65E55F6D9277B</string>
					<string>B7B6CA05EF4338FAA5DDCE58</string>
					<string>6076BBA9506F4717C9436384</string>
					<string>8EF6C0663C46E245F50E8BB0</string>
					<string>B1808FE7984CC16BA376DA9E</string>
				</array>
				<key>isa</key>
				<string>PBXSourcesBuildPhase</string>
				<key>runOnlyForDeploymentPostprocessing</key>
				<string>0</string>
			</dict>
			<key>E4B69B590A3A1756003C02F2</key>
			<dict>
				<key>buildActionMask</key>
				<string>2147483647</string>
				<key>files</key>
				<array>
					<string>E4328149138ABC9F0047C5CB</string>
				</array>
				<key>isa</key>
				<string>PBXFrameworksBuildPhase</string>
				<key>runOnlyForDeploymentPostprocessing</key>
				<string>0</string>
			</dict>
			<key>E4B69B5A0A3A1756003C02F2</key>
			<dict>
				<key>buildConfigurationList</key>
				<string>E4B69B5F0A3A1757003C02F2</string>
				<key>buildPhases</key>
				<array>
					<string>E4B69B580A3A1756003C02F2</string>
					<string>E4B69B590A3A1756003C02F2</string>
					<string>E4B6FFFD0C3F9AB9008CF71C</string>
					<string>E4C2427710CC5ABF004149E2</string>
				</array>
				<key>buildRules</key>
				<array />
				<key>dependencies</key>
				<array>
					<string>E4EEB9AC138B136A00A80321</string>
				</array>
				<key>isa</key>
				<string>PBXNativeTarget</string>
				<key>name</key>
				<string>project_v2-dronetest</string>
				<key>productName</key>
				<string>myOFApp</string>
				<key>productReference</key>
				<string>E4B69B5B0A3A1756003C02F2</string>
				<key>productType</key>
				<string>com.apple.product-type.application</string>
			</dict>
			<key>E4B69B5B0A3A1756003C02F2</key>
			<dict>
				<key>explicitFileType</key>
				<string>wrapper.application</string>
				<key>includeInIndex</key>
				<string>0</string>
				<key>isa</key>
				<string>PBXFileReference</string>
				<key>path</key>
				<string>project_v2-dronetestDebug.app</string>
				<key>sourceTree</key>
				<string>BUILT_PRODUCTS_DIR</string>
			</dict>
			<key>E4B69B5F0A3A1757003C02F2</key>
			<dict>
				<key>buildConfigurations</key>
				<array>
					<string>E4B69B600A3A1757003C02F2</string>
					<string>E4B69B610A3A1757003C02F2</string>
				</array>
				<key>defaultConfigurationIsVisible</key>
				<string>0</string>
				<key>defaultConfigurationName</key>
				<string>Release</string>
				<key>isa</key>
				<string>XCConfigurationList</string>
			</dict>
			<key>E4B69B600A3A1757003C02F2</key>
			<dict>
				<key>baseConfigurationReference</key>
				<string>E4EB6923138AFD0F00A09F29</string>
				<key>buildSettings</key>
				<dict>
					<key>OTHER_LDFLAGS</key>
					<array>
						<string>$(OF_CORE_FRAMEWORKS) $(OF_CORE_LIBS)</string>
						<string>../../../../../of_v0.9.8_osx_release/addons/ofxDarknet/libs/3rdparty/lib/osx/x64/libpthreadGC2.a</string>
						<string>../../../../../of_v0.9.8_osx_release/addons/ofxDarknet/libs/3rdparty/lib/osx/x86/libpthreadGC2.a</string>
						<string>../../../../../of_v0.9.8_osx_release/addons/ofxDarknet/libs/3rdparty/lib/osx/x86/libpthreadGCE2.a</string>
						<string>../../../../../of_v0.9.8_osx_release/addons/ofxDarknet/libs/darknet/lib/osx/libdarknetOSX.dylib</string>
						<string>-rpath</string>
						<string>../../../../addons/ofxDarknet/libs/darknet/lib/osx</string>
					</array>
					<key>HEADER_SEARCH_PATHS</key>
					<array>
						<string>$(OF_CORE_HEADERS)</string>
						<string>src</string>
						<string>src/ofxNBxyz</string>
						<string>../../../../../of_v0.9.8_osx_release/addons/ofxDarknet/libs</string>
						<string>../../../../../of_v0.9.8_osx_release/addons/ofxDarknet/src</string>
						<string>/usr/local/cuda/include</string>
					</array>
					<key>COMBINE_HIDPI_IMAGES</key>
					<string>YES</string>
					<key>COPY_PHASE_STRIP</key>
					<string>NO</string>
					<key>FRAMEWORK_SEARCH_PATHS</key>
					<array>
						<string>$(inherited)</string>
						<string>$(FRAMEWORK_SEARCH_PATHS_QUOTED_FOR_TARGET_1)</string>
					</array>
					<key>FRAMEWORK_SEARCH_PATHS_QUOTED_FOR_TARGET_1</key>
					<string>"$(SRCROOT)/../../../../../of_v0.9.8_osx_release/libs/glut/lib/osx"</string>
					<key>GCC_DYNAMIC_NO_PIC</key>
					<string>NO</string>
					<key>GCC_GENERATE_DEBUGGING_SYMBOLS</key>
					<string>YES</string>
					<key>GCC_MODEL_TUNING</key>
					<string>NONE</string>
					<key>ICON</key>
					<string>$(ICON_NAME_DEBUG)</string>
					<key>ICON_FILE</key>
					<string>$(ICON_FILE_PATH)$(ICON)</string>
					<key>INFOPLIST_FILE</key>
					<string>openFrameworks-Info.plist</string>
					<key>INSTALL_PATH</key>
					<string>/Applications</string>
					<key>LIBRARY_SEARCH_PATHS</key>
					<string>$(inherited)</string>
					<key>PRODUCT_NAME</key>
					<string>$(TARGET_NAME)Debug</string>
					<key>WRAPPER_EXTENSION</key>
					<string>app</string>
				</dict>
				<key>isa</key>
				<string>XCBuildConfiguration</string>
				<key>name</key>
				<string>Debug</string>
			</dict>
			<key>E4B69B610A3A1757003C02F2</key>
			<dict>
				<key>baseConfigurationReference</key>
				<string>E4EB6923138AFD0F00A09F29</string>
				<key>buildSettings</key>
				<dict>
					<key>OTHER_LDFLAGS</key>
					<array>
						<string>$(OF_CORE_FRAMEWORKS) $(OF_CORE_LIBS)</string>
						<string>../../../../../of_v0.9.8_osx_release/addons/ofxDarknet/libs/3rdparty/lib/osx/x64/libpthreadGC2.a</string>
						<string>../../../../../of_v0.9.8_osx_release/addons/ofxDarknet/libs/3rdparty/lib/osx/x86/libpthreadGC2.a</string>
						<string>../../../../../of_v0.9.8_osx_release/addons/ofxDarknet/libs/3rdparty/lib/osx/x86/libpthreadGCE2.a</string>
						<string>../../../../../of_v0.9.8_osx_release/addons/ofxDarknet/libs/darknet/lib/osx/libdarknetOSX.dylib</string>
						<string>-rpath</string>
						<string>../../../../addons/ofxDarknet/libs/darknet/lib/osx</string>
					</array>
					<key>HEADER_SEARCH_PATHS</key>
					<array>
						<string>$(OF_CORE_HEADERS)</string>
						<string>src</string>
						<string>src/ofxNBxyz</string>
						<string>../../../../../of_v0.9.8_osx_release/addons/ofxDarknet/libs</string>
						<string>../../../../../of_v0.9.8_osx_release/addons/ofxDarknet/src</string>
						<string>/usr/local/cuda/include</string>
					</array>
					<key>COMBINE_HIDPI_IMAGES</key>
					<string>YES</string>
					<key>COPY_PHASE_STRIP</key>
					<string>YES</string>
					<key>FRAMEWORK_SEARCH_PATHS</key>
					<array>
						<string>$(inherited)</string>
						<string>$(FRAMEWORK_SEARCH_PATHS_QUOTED_FOR_TARGET_1)</string>
					</array>
					<key>FRAMEWORK_SEARCH_PATHS_QUOTED_FOR_TARGET_1</key>
					<string>"$(SRCROOT)/../../../../../of_v0.9.8_osx_release/libs/glut/lib/osx"</string>
					<key>GCC_GENERATE_DEBUGGING_SYMBOLS</key>
					<string>YES</string>
					<key>GCC_MODEL_TUNING</key>
					<string>NONE</string>
					<key>ICON</key>
					<string>$(ICON_NAME_RELEASE)</string>
					<key>ICON_FILE</key>
					<string>$(ICON_FILE_PATH)$(ICON)</string>
					<key>INFOPLIST_FILE</key>
					<string>openFrameworks-Info.plist</string>
					<key>INSTALL_PATH</key>
					<string>/Applications</string>
					<key>LIBRARY_SEARCH_PATHS</key>
					<string>$(inherited)</string>
					<key>PRODUCT_NAME</key>
					<string>$(TARGET_NAME)</string>
					<key>WRAPPER_EXTENSION</key>
					<string>app</string>
					<key>baseConfigurationReference</key>
					<string>E4EB6923138AFD0F00A09F29</string>
				</dict>
				<key>isa</key>
				<string>XCBuildConfiguration</string>
				<key>name</key>
				<string>Release</string>
			</dict>
			<key>E4B69E1C0A3A1BDC003C02F2</key>
			<dict>
				<key>children</key>
				<array>
					<string>E4B69E1D0A3A1BDC003C02F2</string>
					<string>E4B69E1E0A3A1BDC003C02F2</string>
					<string>E4B69E1F0A3A1BDC003C02F2</string>
					<string>524C223507459939300F7028</string>
					<string>09B238B64F36BF47D31D2472</string>
					<string>64718C994B7D197D6AF46032</string>
					<string>99F06C6985D23E6744E4950B</string>
					<string>B620B539E454D712BD906839</string>
					<string>82ABDAE49232EF4840FBDD2E</string>
					<string>DA7CDF64E65F4E89A0DEB4EF</string>
					<string>DDF4146745DE005ADA654E01</string>
					<string>7275F59E75069B3E3B65A4B9</string>
					<string>24173652A5262DAA3657C923</string>
				</array>
				<key>isa</key>
				<string>PBXGroup</string>
				<key>path</key>
				<string>src</string>
				<key>sourceTree</key>
				<string>SOURCE_ROOT</string>
			</dict>
			<key>E4B69E1D0A3A1BDC003C02F2</key>
			<dict>
				<key>fileEncoding</key>
				<string>30</string>
				<key>isa</key>
				<string>PBXFileReference</string>
				<key>lastKnownFileType</key>
				<string>sourcecode.cpp.cpp</string>
				<key>name</key>
				<string>main.cpp</string>
				<key>path</key>
				<string>src/main.cpp</string>
				<key>sourceTree</key>
				<string>SOURCE_ROOT</string>
			</dict>
			<key>E4B69E1E0A3A1BDC003C02F2</key>
			<dict>
				<key>explicitFileType</key>
				<string>sourcecode.cpp.cpp</string>
				<key>fileEncoding</key>
				<string>30</string>
				<key>isa</key>
				<string>PBXFileReference</string>
				<key>name</key>
				<string>ofApp.cpp</string>
				<key>path</key>
				<string>src/ofApp.cpp</string>
				<key>sourceTree</key>
				<string>SOURCE_ROOT</string>
			</dict>
			<key>E4B69E1F0A3A1BDC003C02F2</key>
			<dict>
				<key>fileEncoding</key>
				<string>30</string>
				<key>isa</key>
				<string>PBXFileReference</string>
				<key>lastKnownFileType</key>
				<string>sourcecode.c.h</string>
				<key>name</key>
				<string>ofApp.h</string>
				<key>path</key>
				<string>src/ofApp.h</string>
				<key>sourceTree</key>
				<string>SOURCE_ROOT</string>
			</dict>
			<key>E4B69E200A3A1BDC003C02F2</key>
			<dict>
				<key>fileRef</key>
				<string>E4B69E1D0A3A1BDC003C02F2</string>
				<key>isa</key>
				<string>PBXBuildFile</string>
			</dict>
			<key>E4B69E210A3A1BDC003C02F2</key>
			<dict>
				<key>fileRef</key>
				<string>E4B69E1E0A3A1BDC003C02F2</string>
				<key>isa</key>
				<string>PBXBuildFile</string>
			</dict>
			<key>E4B6FCAD0C3E899E008CF71C</key>
			<dict>
				<key>fileEncoding</key>
				<string>30</string>
				<key>isa</key>
				<string>PBXFileReference</string>
				<key>lastKnownFileType</key>
				<string>text.plist.xml</string>
				<key>path</key>
				<string>openFrameworks-Info.plist</string>
				<key>sourceTree</key>
				<string>&lt;group&gt;</string>
			</dict>
			<key>E4B6FFFD0C3F9AB9008CF71C</key>
			<dict>
				<key>buildActionMask</key>
				<string>2147483647</string>
				<key>files</key>
				<array />
				<key>inputPaths</key>
				<array />
				<key>isa</key>
				<string>PBXShellScriptBuildPhase</string>
				<key>outputPaths</key>
				<array />
				<key>runOnlyForDeploymentPostprocessing</key>
				<string>0</string>
				<key>shellPath</key>
				<string>/bin/sh</string>
				<key>shellScript</key>
				<string>mkdir -p "$TARGET_BUILD_DIR/$PRODUCT_NAME.app/Contents/Resources/"
# Copy default icon file into App/Resources
rsync -aved "$ICON_FILE" "$TARGET_BUILD_DIR/$PRODUCT_NAME.app/Contents/Resources/"
# Copy libfmod and change install directory for fmod to run
rsync -aved ../../../../../of_v0.9.8_osx_release/libs/fmodex/lib/osx/libfmodex.dylib "$TARGET_BUILD_DIR/$PRODUCT_NAME.app/Contents/Frameworks/";
install_name_tool -change @executable_path/libfmodex.dylib @executable_path/../Frameworks/libfmodex.dylib "$TARGET_BUILD_DIR/$PRODUCT_NAME.app/Contents/MacOS/$PRODUCT_NAME";
# Copy GLUT framework (must remove for AppStore submissions)
rsync -aved ../../../../../of_v0.9.8_osx_release/libs/glut/lib/osx/GLUT.framework "$TARGET_BUILD_DIR/$PRODUCT_NAME.app/Contents/Frameworks/"
</string>
			</dict>
			<key>E4C2427710CC5ABF004149E2</key>
			<dict>
				<key>buildActionMask</key>
				<string>2147483647</string>
				<key>dstPath</key>
				<string />
				<key>dstSubfolderSpec</key>
				<string>10</string>
				<key>files</key>
				<array />
				<key>isa</key>
				<string>PBXCopyFilesBuildPhase</string>
				<key>runOnlyForDeploymentPostprocessing</key>
				<string>0</string>
			</dict>
			<key>E4EB691F138AFCF100A09F29</key>
			<dict>
				<key>fileEncoding</key>
				<string>4</string>
				<key>isa</key>
				<string>PBXFileReference</string>
				<key>lastKnownFileType</key>
				<string>text.xcconfig</string>
				<key>name</key>
				<string>CoreOF.xcconfig</string>
				<key>path</key>
				<string>../../../../../of_v0.9.8_osx_release/libs/openFrameworksCompiled/project/osx/CoreOF.xcconfig</string>
				<key>sourceTree</key>
				<string>SOURCE_ROOT</string>
			</dict>
			<key>E4EB6923138AFD0F00A09F29</key>
			<dict>
				<key>fileEncoding</key>
				<string>4</string>
				<key>isa</key>
				<string>PBXFileReference</string>
				<key>lastKnownFileType</key>
				<string>text.xcconfig</string>
				<key>path</key>
				<string>Project.xcconfig</string>
				<key>sourceTree</key>
				<string>&lt;group&gt;</string>
			</dict>
			<key>E4EEB9AB138B136A00A80321</key>
			<dict>
				<key>containerPortal</key>
				<string>E4328143138ABC890047C5CB</string>
				<key>isa</key>
				<string>PBXContainerItemProxy</string>
				<key>proxyType</key>
				<string>1</string>
				<key>remoteGlobalIDString</key>
				<string>E4B27C1410CBEB8E00536013</string>
				<key>remoteInfo</key>
				<string>openFrameworks</string>
			</dict>
			<key>E4EEB9AC138B136A00A80321</key>
			<dict>
				<key>isa</key>
				<string>PBXTargetDependency</string>
				<key>name</key>
				<string>openFrameworks</string>
				<key>targetProxy</key>
				<string>E4EEB9AB138B136A00A80321</string>
			</dict>
			<key>E4EEC9E9138DF44700A80321</key>
			<dict>
				<key>children</key>
				<array>
					<string>E4EB691F138AFCF100A09F29</string>
					<string>E4328143138ABC890047C5CB</string>
				</array>
				<key>isa</key>
				<string>PBXGroup</string>
				<key>name</key>
				<string>openFrameworks</string>
				<key>sourceTree</key>
				<string>&lt;group&gt;</string>
			</dict>
		</dict>
		<key>rootObject</key>
		<string>E4B69B4C0A3A1720003C02F2</string>
	</dict>
</plist>
